
Microsoft Visual Studio Solution File, Format Version 12.00
# Visual Studio Version 16
VisualStudioVersion = 16.0.29519.181
MinimumVisualStudioVersion = 10.0.40219.1
Project("{FAE04EC0-301F-11D3-BF4B-00C04F79EFBC}") = "ApiDemo", "ApiDemo\ApiDemo.csproj", "{59D2027A-8E16-4190-967A-239F6A2F5F91}"
EndProject
Project("{FAE04EC0-301F-11D3-BF4B-00C04F79EFBC}") = "Models", "Models\Models.csproj", "{8CFFD4BE-DD7E-4003-9F1B-E76461B27E9D}"
EndProject
Project("{FAE04EC0-301F-11D3-BF4B-00C04F79EFBC}") = "DLL", "DLL\DLL.csproj", "{8011E4CA-90CF-42A8-B59D-BFF43D0EE690}"
EndProject
Global
	GlobalSection(SolutionConfigurationPlatforms) = preSolution
		Debug|Any CPU = Debug|Any CPU
		Release|Any CPU = Release|Any CPU
	EndGlobalSection
	GlobalSection(ProjectConfigurationPlatforms) = postSolution
		{59D2027A-8E16-4190-967A-239F6A2F5F91}.Debug|Any CPU.ActiveCfg = Debug|Any CPU
		{59D2027A-8E16-4190-967A-239F6A2F5F91}.Debug|Any CPU.Build.0 = Debug|Any CPU
		{59D2027A-8E16-4190-967A-239F6A2F5F91}.Release|Any CPU.ActiveCfg = Release|Any CPU
		{59D2027A-8E16-4190-967A-239F6A2F5F91}.Release|Any CPU.Build.0 = Release|Any CPU
		{8CFFD4BE-DD7E-4003-9F1B-E76461B27E9D}.Debug|Any CPU.ActiveCfg = Debug|Any CPU
		{8CFFD4BE-DD7E-4003-9F1B-E76461B27E9D}.Debug|Any CPU.Build.0 = Debug|Any CPU
		{8CFFD4BE-DD7E-4003-9F1B-E76461B27E9D}.Release|Any CPU.ActiveCfg = Release|Any CPU
		{8CFFD4BE-DD7E-4003-9F1B-E76461B27E9D}.Release|Any CPU.Build.0 = Release|Any CPU
		{8011E4CA-90CF-42A8-B59D-BFF43D0EE690}.Debug|Any CPU.ActiveCfg = Debug|Any CPU
		{8011E4CA-90CF-42A8-B59D-BFF43D0EE690}.Debug|Any CPU.Build.0 = Debug|Any CPU
		{8011E4CA-90CF-42A8-B59D-BFF43D0EE690}.Release|Any CPU.ActiveCfg = Release|Any CPU
		{8011E4CA-90CF-42A8-B59D-BFF43D0EE690}.Release|Any CPU.Build.0 = Release|Any CPU
	EndGlobalSection
	GlobalSection(SolutionProperties) = preSolution
		HideSolutionNode = FALSE
	EndGlobalSection
	GlobalSection(ExtensibilityGlobals) = postSolution
		SolutionGuid = {C0526233-24E5-4A03-B2A1-3258B4DD250E}
	EndGlobalSection
EndGlobal
